<?xml version="1.0" encoding="UTF-8"?>
<Project ToolsVersion="14.0" xmlns="http://schemas.microsoft.com/developer/msbuild/2003">
  <ItemGroup>
    <ClCompile Include="C:\Users\Wiley Yu\Documents\Projects\NylonSock\NylonSock\src\Socket.cpp">
      <Filter>Source Files</Filter>
    </ClCompile>
    <ClCompile Include="C:\Users\Wiley Yu\Documents\Projects\NylonSock\NylonSock\src\Sustainable.cpp">
      <Filter>Source Files</Filter>
    </ClCompile>
  </ItemGroup>
  <ItemGroup>
    <CustomBuild Include="C:\Users\Wiley Yu\Documents\Projects\NylonSock\CMakeLists.txt" />
  </ItemGroup>
  <ItemGroup>
    <Filter Include="Source Files">
      <UniqueIdentifier>{725A683E-8CA8-3152-802B-BA8C17E69266}</UniqueIdentifier>
    </Filter>
  </ItemGroup>
</Project>
